
Microsoft Visual Studio Solution File, Format Version 12.00
# Visual Studio 15
VisualStudioVersion = 15.0.27130.2026
MinimumVisualStudioVersion = 10.0.40219.1
Project("{9A19103F-16F7-4668-BE54-9A1E7A4F7556}") = "TodoApi", "TodoApi\TodoApi.csproj", "{0FD7AFC0-2FA4-4597-BFB9-FA4D8F007FB9}"
EndProject
Project("{FAE04EC0-301F-11D3-BF4B-00C04F79EFBC}") = "TodoApi.Tests", "TodoApi.Tests\TodoApi.Tests.csproj", "{0BBD8187-B172-4486-80DE-24B18A12AAC4}"
EndProject
Global
	GlobalSection(SolutionConfigurationPlatforms) = preSolution
		Debug|Any CPU = Debug|Any CPU
		Release|Any CPU = Release|Any CPU
	EndGlobalSection
	GlobalSection(ProjectConfigurationPlatforms) = postSolution
		{0FD7AFC0-2FA4-4597-BFB9-FA4D8F007FB9}.Debug|Any CPU.ActiveCfg = Debug|Any CPU
		{0FD7AFC0-2FA4-4597-BFB9-FA4D8F007FB9}.Debug|Any CPU.Build.0 = Debug|Any CPU
		{0FD7AFC0-2FA4-4597-BFB9-FA4D8F007FB9}.Release|Any CPU.ActiveCfg = Release|Any CPU
		{0FD7AFC0-2FA4-4597-BFB9-FA4D8F007FB9}.Release|Any CPU.Build.0 = Release|Any CPU
		{0BBD8187-B172-4486-80DE-24B18A12AAC4}.Debug|Any CPU.ActiveCfg = Debug|Any CPU
		{0BBD8187-B172-4486-80DE-24B18A12AAC4}.Debug|Any CPU.Build.0 = Debug|Any CPU
		{0BBD8187-B172-4486-80DE-24B18A12AAC4}.Release|Any CPU.ActiveCfg = Release|Any CPU
		{0BBD8187-B172-4486-80DE-24B18A12AAC4}.Release|Any CPU.Build.0 = Release|Any CPU
	EndGlobalSection
	GlobalSection(SolutionProperties) = preSolution
		HideSolutionNode = FALSE
	EndGlobalSection
	GlobalSection(ExtensibilityGlobals) = postSolution
		SolutionGuid = {73753573-C624-46C0-BEEC-929F30508E63}
	EndGlobalSection
EndGlobal
